scenario:
  name: isp_nobel-us
failure:
  fault_type: icmp_acl_block
  cases:
  - topo_size: s
    igp: isis
    bgp_mode: none
    rpki: false
    backend: kathara
    device_profile: frr
    inject:
      host_name: pc_ann_arbor
    root_causes:
    - resource:
        kind: node
        node: pc_ann_arbor
      fault_type: icmp_acl_block
  - topo_size: s
    igp: isis
    bgp_mode: none
    rpki: false
    backend: kathara
    device_profile: frr
    inject:
      host_name: pc_atlanta
    root_causes:
    - resource:
        kind: node
        node: pc_atlanta
      fault_type: icmp_acl_block
  - topo_size: s
    igp: isis
    bgp_mode: none
    rpki: false
    backend: kathara
    device_profile: frr
    inject:
      host_name: pc_boulder
    root_causes:
    - resource:
        kind: node
        node: pc_boulder
      fault_type: icmp_acl_block
  - topo_size: s
    igp: isis
    bgp_mode: none
    rpki: false
    backend: kathara
    device_profile: frr
    inject:
      host_name: pc_houston
    root_causes:
    - resource:
        kind: node
        node: pc_houston
      fault_type: icmp_acl_block
  - topo_size: s
    igp: isis
    bgp_mode: none
    rpki: false
    backend: kathara
    device_profile: frr
    inject:
      host_name: pc_ithaca
    root_causes:
    - resource:
        kind: node
        node: pc_ithaca
      fault_type: icmp_acl_block
  - topo_size: s
    igp: isis
    bgp_mode: none
    rpki: false
    backend: kathara
    device_profile: frr
    inject:
      host_name: pc_lincoln
    root_causes:
    - resource:
        kind: node
        node: pc_lincoln
      fault_type: icmp_acl_block
  - topo_size: s
    igp: isis
    bgp_mode: none
    rpki: false
    backend: kathara
    device_profile: frr
    inject:
      host_name: pc_palo_alto
    root_causes:
    - resource:
        kind: node
        node: pc_palo_alto
      fault_type: icmp_acl_block
  - topo_size: s
    igp: isis
    bgp_mode: none
    rpki: false
    backend: kathara
    device_profile: frr
    inject:
      host_name: pc_pittsburgh
    root_causes:
    - resource:
        kind: node
        node: pc_pittsburgh
      fault_type: icmp_acl_block
  - topo_size: s
    igp: isis
    bgp_mode: none
    rpki: false
    backend: kathara
    device_profile: frr
    inject:
      host_name: pc_princeton
    root_causes:
    - resource:
        kind: node
        node: pc_princeton
      fault_type: icmp_acl_block
  - topo_size: s
    igp: isis
    bgp_mode: none
    rpki: false
    backend: kathara
    device_profile: frr
    inject:
      host_name: pc_salt_lake_city
    root_causes:
    - resource:
        kind: node
        node: pc_salt_lake_city
      fault_type: icmp_acl_block
  - topo_size: s
    igp: isis
    bgp_mode: none
    rpki: false
    backend: kathara
    device_profile: frr
    inject:
      host_name: pc_san_diego
    root_causes:
    - resource:
        kind: node
        node: pc_san_diego
      fault_type: icmp_acl_block
  - topo_size: s
    igp: isis
    bgp_mode: none
    rpki: false
    backend: kathara
    device_profile: frr
    inject:
      host_name: pc_seattle
    root_causes:
    - resource:
        kind: node
        node: pc_seattle
      fault_type: icmp_acl_block
  - topo_size: s
    igp: isis
    bgp_mode: none
    rpki: false
    backend: kathara
    device_profile: frr
    inject:
      host_name: pc_urbana_champaign
    root_causes:
    - resource:
        kind: node
        node: pc_urbana_champaign
      fault_type: icmp_acl_block
  - topo_size: s
    igp: isis
    bgp_mode: none
    rpki: false
    backend: kathara
    device_profile: frr
    inject:
      host_name: pc_washington
    root_causes:
    - resource:
        kind: node
        node: pc_washington
      fault_type: icmp_acl_block
