scenario:
  name: routeros_simple_bgp
failure:
  fault_type: icmp_acl_block
  cases:
  - inject:
      host_name: pc1
    root_causes:
    - resource:
        kind: node
        node: pc1
      fault_type: icmp_acl_block
  - inject:
      host_name: pc2
    root_causes:
    - resource:
        kind: node
        node: pc2
      fault_type: icmp_acl_block
