scenario:
  name: isp_ta2
failure:
  fault_type: icmp_acl_block
  cases:
  - topo_size: l
    igp: isis
    bgp_mode: none
    rpki: false
    backend: kathara
    device_profile: frr
    inject:
      host_name: pc_n1
    root_causes:
    - resource:
        kind: node
        node: pc_n1
      fault_type: icmp_acl_block
  - topo_size: l
    igp: isis
    bgp_mode: none
    rpki: false
    backend: kathara
    device_profile: frr
    inject:
      host_name: pc_n10
    root_causes:
    - resource:
        kind: node
        node: pc_n10
      fault_type: icmp_acl_block
  - topo_size: l
    igp: isis
    bgp_mode: none
    rpki: false
    backend: kathara
    device_profile: frr
    inject:
      host_name: pc_n11
    root_causes:
    - resource:
        kind: node
        node: pc_n11
      fault_type: icmp_acl_block
  - topo_size: l
    igp: isis
    bgp_mode: none
    rpki: false
    backend: kathara
    device_profile: frr
    inject:
      host_name: pc_n12
    root_causes:
    - resource:
        kind: node
        node: pc_n12
      fault_type: icmp_acl_block
  - topo_size: l
    igp: isis
    bgp_mode: none
    rpki: false
    backend: kathara
    device_profile: frr
    inject:
      host_name: pc_n13
    root_causes:
    - resource:
        kind: node
        node: pc_n13
      fault_type: icmp_acl_block
  - topo_size: l
    igp: isis
    bgp_mode: none
    rpki: false
    backend: kathara
    device_profile: frr
    inject:
      host_name: pc_n14
    root_causes:
    - resource:
        kind: node
        node: pc_n14
      fault_type: icmp_acl_block
  - topo_size: l
    igp: isis
    bgp_mode: none
    rpki: false
    backend: kathara
    device_profile: frr
    inject:
      host_name: pc_n15
    root_causes:
    - resource:
        kind: node
        node: pc_n15
      fault_type: icmp_acl_block
  - topo_size: l
    igp: isis
    bgp_mode: none
    rpki: false
    backend: kathara
    device_profile: frr
    inject:
      host_name: pc_n16
    root_causes:
    - resource:
        kind: node
        node: pc_n16
      fault_type: icmp_acl_block
  - topo_size: l
    igp: isis
    bgp_mode: none
    rpki: false
    backend: kathara
    device_profile: frr
    inject:
      host_name: pc_n17
    root_causes:
    - resource:
        kind: node
        node: pc_n17
      fault_type: icmp_acl_block
  - topo_size: l
    igp: isis
    bgp_mode: none
    rpki: false
    backend: kathara
    device_profile: frr
    inject:
      host_name: pc_n18
    root_causes:
    - resource:
        kind: node
        node: pc_n18
      fault_type: icmp_acl_block
  - topo_size: l
    igp: isis
    bgp_mode: none
    rpki: false
    backend: kathara
    device_profile: frr
    inject:
      host_name: pc_n19
    root_causes:
    - resource:
        kind: node
        node: pc_n19
      fault_type: icmp_acl_block
  - topo_size: l
    igp: isis
    bgp_mode: none
    rpki: false
    backend: kathara
    device_profile: frr
    inject:
      host_name: pc_n2
    root_causes:
    - resource:
        kind: node
        node: pc_n2
      fault_type: icmp_acl_block
  - topo_size: l
    igp: isis
    bgp_mode: none
    rpki: false
    backend: kathara
    device_profile: frr
    inject:
      host_name: pc_n20
    root_causes:
    - resource:
        kind: node
        node: pc_n20
      fault_type: icmp_acl_block
  - topo_size: l
    igp: isis
    bgp_mode: none
    rpki: false
    backend: kathara
    device_profile: frr
    inject:
      host_name: pc_n21
    root_causes:
    - resource:
        kind: node
        node: pc_n21
      fault_type: icmp_acl_block
  - topo_size: l
    igp: isis
    bgp_mode: none
    rpki: false
    backend: kathara
    device_profile: frr
    inject:
      host_name: pc_n22
    root_causes:
    - resource:
        kind: node
        node: pc_n22
      fault_type: icmp_acl_block
  - topo_size: l
    igp: isis
    bgp_mode: none
    rpki: false
    backend: kathara
    device_profile: frr
    inject:
      host_name: pc_n23
    root_causes:
    - resource:
        kind: node
        node: pc_n23
      fault_type: icmp_acl_block
  - topo_size: l
    igp: isis
    bgp_mode: none
    rpki: false
    backend: kathara
    device_profile: frr
    inject:
      host_name: pc_n24
    root_causes:
    - resource:
        kind: node
        node: pc_n24
      fault_type: icmp_acl_block
  - topo_size: l
    igp: isis
    bgp_mode: none
    rpki: false
    backend: kathara
    device_profile: frr
    inject:
      host_name: pc_n25
    root_causes:
    - resource:
        kind: node
        node: pc_n25
      fault_type: icmp_acl_block
  - topo_size: l
    igp: isis
    bgp_mode: none
    rpki: false
    backend: kathara
    device_profile: frr
    inject:
      host_name: pc_n26
    root_causes:
    - resource:
        kind: node
        node: pc_n26
      fault_type: icmp_acl_block
  - topo_size: l
    igp: isis
    bgp_mode: none
    rpki: false
    backend: kathara
    device_profile: frr
    inject:
      host_name: pc_n27
    root_causes:
    - resource:
        kind: node
        node: pc_n27
      fault_type: icmp_acl_block
  - topo_size: l
    igp: isis
    bgp_mode: none
    rpki: false
    backend: kathara
    device_profile: frr
    inject:
      host_name: pc_n28
    root_causes:
    - resource:
        kind: node
        node: pc_n28
      fault_type: icmp_acl_block
  - topo_size: l
    igp: isis
    bgp_mode: none
    rpki: false
    backend: kathara
    device_profile: frr
    inject:
      host_name: pc_n29
    root_causes:
    - resource:
        kind: node
        node: pc_n29
      fault_type: icmp_acl_block
  - topo_size: l
    igp: isis
    bgp_mode: none
    rpki: false
    backend: kathara
    device_profile: frr
    inject:
      host_name: pc_n3
    root_causes:
    - resource:
        kind: node
        node: pc_n3
      fault_type: icmp_acl_block
  - topo_size: l
    igp: isis
    bgp_mode: none
    rpki: false
    backend: kathara
    device_profile: frr
    inject:
      host_name: pc_n30
    root_causes:
    - resource:
        kind: node
        node: pc_n30
      fault_type: icmp_acl_block
  - topo_size: l
    igp: isis
    bgp_mode: none
    rpki: false
    backend: kathara
    device_profile: frr
    inject:
      host_name: pc_n31
    root_causes:
    - resource:
        kind: node
        node: pc_n31
      fault_type: icmp_acl_block
  - topo_size: l
    igp: isis
    bgp_mode: none
    rpki: false
    backend: kathara
    device_profile: frr
    inject:
      host_name: pc_n32
    root_causes:
    - resource:
        kind: node
        node: pc_n32
      fault_type: icmp_acl_block
  - topo_size: l
    igp: isis
    bgp_mode: none
    rpki: false
    backend: kathara
    device_profile: frr
    inject:
      host_name: pc_n33
    root_causes:
    - resource:
        kind: node
        node: pc_n33
      fault_type: icmp_acl_block
  - topo_size: l
    igp: isis
    bgp_mode: none
    rpki: false
    backend: kathara
    device_profile: frr
    inject:
      host_name: pc_n34
    root_causes:
    - resource:
        kind: node
        node: pc_n34
      fault_type: icmp_acl_block
  - topo_size: l
    igp: isis
    bgp_mode: none
    rpki: false
    backend: kathara
    device_profile: frr
    inject:
      host_name: pc_n35
    root_causes:
    - resource:
        kind: node
        node: pc_n35
      fault_type: icmp_acl_block
  - topo_size: l
    igp: isis
    bgp_mode: none
    rpki: false
    backend: kathara
    device_profile: frr
    inject:
      host_name: pc_n36
    root_causes:
    - resource:
        kind: node
        node: pc_n36
      fault_type: icmp_acl_block
  - topo_size: l
    igp: isis
    bgp_mode: none
    rpki: false
    backend: kathara
    device_profile: frr
    inject:
      host_name: pc_n37
    root_causes:
    - resource:
        kind: node
        node: pc_n37
      fault_type: icmp_acl_block
  - topo_size: l
    igp: isis
    bgp_mode: none
    rpki: false
    backend: kathara
    device_profile: frr
    inject:
      host_name: pc_n38
    root_causes:
    - resource:
        kind: node
        node: pc_n38
      fault_type: icmp_acl_block
  - topo_size: l
    igp: isis
    bgp_mode: none
    rpki: false
    backend: kathara
    device_profile: frr
    inject:
      host_name: pc_n39
    root_causes:
    - resource:
        kind: node
        node: pc_n39
      fault_type: icmp_acl_block
  - topo_size: l
    igp: isis
    bgp_mode: none
    rpki: false
    backend: kathara
    device_profile: frr
    inject:
      host_name: pc_n4
    root_causes:
    - resource:
        kind: node
        node: pc_n4
      fault_type: icmp_acl_block
  - topo_size: l
    igp: isis
    bgp_mode: none
    rpki: false
    backend: kathara
    device_profile: frr
    inject:
      host_name: pc_n40
    root_causes:
    - resource:
        kind: node
        node: pc_n40
      fault_type: icmp_acl_block
  - topo_size: l
    igp: isis
    bgp_mode: none
    rpki: false
    backend: kathara
    device_profile: frr
    inject:
      host_name: pc_n41
    root_causes:
    - resource:
        kind: node
        node: pc_n41
      fault_type: icmp_acl_block
  - topo_size: l
    igp: isis
    bgp_mode: none
    rpki: false
    backend: kathara
    device_profile: frr
    inject:
      host_name: pc_n42
    root_causes:
    - resource:
        kind: node
        node: pc_n42
      fault_type: icmp_acl_block
  - topo_size: l
    igp: isis
    bgp_mode: none
    rpki: false
    backend: kathara
    device_profile: frr
    inject:
      host_name: pc_n43
    root_causes:
    - resource:
        kind: node
        node: pc_n43
      fault_type: icmp_acl_block
  - topo_size: l
    igp: isis
    bgp_mode: none
    rpki: false
    backend: kathara
    device_profile: frr
    inject:
      host_name: pc_n44
    root_causes:
    - resource:
        kind: node
        node: pc_n44
      fault_type: icmp_acl_block
  - topo_size: l
    igp: isis
    bgp_mode: none
    rpki: false
    backend: kathara
    device_profile: frr
    inject:
      host_name: pc_n45
    root_causes:
    - resource:
        kind: node
        node: pc_n45
      fault_type: icmp_acl_block
  - topo_size: l
    igp: isis
    bgp_mode: none
    rpki: false
    backend: kathara
    device_profile: frr
    inject:
      host_name: pc_n46
    root_causes:
    - resource:
        kind: node
        node: pc_n46
      fault_type: icmp_acl_block
  - topo_size: l
    igp: isis
    bgp_mode: none
    rpki: false
    backend: kathara
    device_profile: frr
    inject:
      host_name: pc_n47
    root_causes:
    - resource:
        kind: node
        node: pc_n47
      fault_type: icmp_acl_block
  - topo_size: l
    igp: isis
    bgp_mode: none
    rpki: false
    backend: kathara
    device_profile: frr
    inject:
      host_name: pc_n48
    root_causes:
    - resource:
        kind: node
        node: pc_n48
      fault_type: icmp_acl_block
  - topo_size: l
    igp: isis
    bgp_mode: none
    rpki: false
    backend: kathara
    device_profile: frr
    inject:
      host_name: pc_n49
    root_causes:
    - resource:
        kind: node
        node: pc_n49
      fault_type: icmp_acl_block
  - topo_size: l
    igp: isis
    bgp_mode: none
    rpki: false
    backend: kathara
    device_profile: frr
    inject:
      host_name: pc_n5
    root_causes:
    - resource:
        kind: node
        node: pc_n5
      fault_type: icmp_acl_block
  - topo_size: l
    igp: isis
    bgp_mode: none
    rpki: false
    backend: kathara
    device_profile: frr
    inject:
      host_name: pc_n50
    root_causes:
    - resource:
        kind: node
        node: pc_n50
      fault_type: icmp_acl_block
  - topo_size: l
    igp: isis
    bgp_mode: none
    rpki: false
    backend: kathara
    device_profile: frr
    inject:
      host_name: pc_n51
    root_causes:
    - resource:
        kind: node
        node: pc_n51
      fault_type: icmp_acl_block
  - topo_size: l
    igp: isis
    bgp_mode: none
    rpki: false
    backend: kathara
    device_profile: frr
    inject:
      host_name: pc_n52
    root_causes:
    - resource:
        kind: node
        node: pc_n52
      fault_type: icmp_acl_block
  - topo_size: l
    igp: isis
    bgp_mode: none
    rpki: false
    backend: kathara
    device_profile: frr
    inject:
      host_name: pc_n53
    root_causes:
    - resource:
        kind: node
        node: pc_n53
      fault_type: icmp_acl_block
  - topo_size: l
    igp: isis
    bgp_mode: none
    rpki: false
    backend: kathara
    device_profile: frr
    inject:
      host_name: pc_n54
    root_causes:
    - resource:
        kind: node
        node: pc_n54
      fault_type: icmp_acl_block
  - topo_size: l
    igp: isis
    bgp_mode: none
    rpki: false
    backend: kathara
    device_profile: frr
    inject:
      host_name: pc_n55
    root_causes:
    - resource:
        kind: node
        node: pc_n55
      fault_type: icmp_acl_block
  - topo_size: l
    igp: isis
    bgp_mode: none
    rpki: false
    backend: kathara
    device_profile: frr
    inject:
      host_name: pc_n56
    root_causes:
    - resource:
        kind: node
        node: pc_n56
      fault_type: icmp_acl_block
  - topo_size: l
    igp: isis
    bgp_mode: none
    rpki: false
    backend: kathara
    device_profile: frr
    inject:
      host_name: pc_n57
    root_causes:
    - resource:
        kind: node
        node: pc_n57
      fault_type: icmp_acl_block
  - topo_size: l
    igp: isis
    bgp_mode: none
    rpki: false
    backend: kathara
    device_profile: frr
    inject:
      host_name: pc_n58
    root_causes:
    - resource:
        kind: node
        node: pc_n58
      fault_type: icmp_acl_block
  - topo_size: l
    igp: isis
    bgp_mode: none
    rpki: false
    backend: kathara
    device_profile: frr
    inject:
      host_name: pc_n59
    root_causes:
    - resource:
        kind: node
        node: pc_n59
      fault_type: icmp_acl_block
  - topo_size: l
    igp: isis
    bgp_mode: none
    rpki: false
    backend: kathara
    device_profile: frr
    inject:
      host_name: pc_n6
    root_causes:
    - resource:
        kind: node
        node: pc_n6
      fault_type: icmp_acl_block
  - topo_size: l
    igp: isis
    bgp_mode: none
    rpki: false
    backend: kathara
    device_profile: frr
    inject:
      host_name: pc_n60
    root_causes:
    - resource:
        kind: node
        node: pc_n60
      fault_type: icmp_acl_block
  - topo_size: l
    igp: isis
    bgp_mode: none
    rpki: false
    backend: kathara
    device_profile: frr
    inject:
      host_name: pc_n61
    root_causes:
    - resource:
        kind: node
        node: pc_n61
      fault_type: icmp_acl_block
  - topo_size: l
    igp: isis
    bgp_mode: none
    rpki: false
    backend: kathara
    device_profile: frr
    inject:
      host_name: pc_n62
    root_causes:
    - resource:
        kind: node
        node: pc_n62
      fault_type: icmp_acl_block
  - topo_size: l
    igp: isis
    bgp_mode: none
    rpki: false
    backend: kathara
    device_profile: frr
    inject:
      host_name: pc_n63
    root_causes:
    - resource:
        kind: node
        node: pc_n63
      fault_type: icmp_acl_block
  - topo_size: l
    igp: isis
    bgp_mode: none
    rpki: false
    backend: kathara
    device_profile: frr
    inject:
      host_name: pc_n64
    root_causes:
    - resource:
        kind: node
        node: pc_n64
      fault_type: icmp_acl_block
  - topo_size: l
    igp: isis
    bgp_mode: none
    rpki: false
    backend: kathara
    device_profile: frr
    inject:
      host_name: pc_n65
    root_causes:
    - resource:
        kind: node
        node: pc_n65
      fault_type: icmp_acl_block
  - topo_size: l
    igp: isis
    bgp_mode: none
    rpki: false
    backend: kathara
    device_profile: frr
    inject:
      host_name: pc_n7
    root_causes:
    - resource:
        kind: node
        node: pc_n7
      fault_type: icmp_acl_block
  - topo_size: l
    igp: isis
    bgp_mode: none
    rpki: false
    backend: kathara
    device_profile: frr
    inject:
      host_name: pc_n8
    root_causes:
    - resource:
        kind: node
        node: pc_n8
      fault_type: icmp_acl_block
  - topo_size: l
    igp: isis
    bgp_mode: none
    rpki: false
    backend: kathara
    device_profile: frr
    inject:
      host_name: pc_n9
    root_causes:
    - resource:
        kind: node
        node: pc_n9
      fault_type: icmp_acl_block
