scenario:
  name: enterprise_branch
failure:
  fault_type: bgp_acl_block
  cases:
  - topo_size: s
    inject:
      host_name: br1_edge
    root_causes:
    - resource:
        kind: node
        node: br1_edge
      fault_type: bgp_acl_block
  - topo_size: s
    inject:
      host_name: br2_edge
    root_causes:
    - resource:
        kind: node
        node: br2_edge
      fault_type: bgp_acl_block
  - topo_size: s
    inject:
      host_name: dc2_edge
    root_causes:
    - resource:
        kind: node
        node: dc2_edge
      fault_type: bgp_acl_block
  - topo_size: s
    inject:
      host_name: hq_edge
    root_causes:
    - resource:
        kind: node
        node: hq_edge
      fault_type: bgp_acl_block
  - topo_size: s
    inject:
      host_name: isp1_core
    root_causes:
    - resource:
        kind: node
        node: isp1_core
      fault_type: bgp_acl_block
  - topo_size: s
    inject:
      host_name: isp2_core
    root_causes:
    - resource:
        kind: node
        node: isp2_core
      fault_type: bgp_acl_block
  - topo_size: m
    inject:
      host_name: br1_edge
    root_causes:
    - resource:
        kind: node
        node: br1_edge
      fault_type: bgp_acl_block
  - topo_size: m
    inject:
      host_name: br2_edge
    root_causes:
    - resource:
        kind: node
        node: br2_edge
      fault_type: bgp_acl_block
  - topo_size: m
    inject:
      host_name: br3_edge
    root_causes:
    - resource:
        kind: node
        node: br3_edge
      fault_type: bgp_acl_block
  - topo_size: m
    inject:
      host_name: br4_edge
    root_causes:
    - resource:
        kind: node
        node: br4_edge
      fault_type: bgp_acl_block
  - topo_size: m
    inject:
      host_name: dc2_edge
    root_causes:
    - resource:
        kind: node
        node: dc2_edge
      fault_type: bgp_acl_block
  - topo_size: m
    inject:
      host_name: hq_edge
    root_causes:
    - resource:
        kind: node
        node: hq_edge
      fault_type: bgp_acl_block
  - topo_size: m
    inject:
      host_name: isp1_core
    root_causes:
    - resource:
        kind: node
        node: isp1_core
      fault_type: bgp_acl_block
  - topo_size: m
    inject:
      host_name: isp2_core
    root_causes:
    - resource:
        kind: node
        node: isp2_core
      fault_type: bgp_acl_block
  - topo_size: l
    inject:
      host_name: br1_edge
    root_causes:
    - resource:
        kind: node
        node: br1_edge
      fault_type: bgp_acl_block
  - topo_size: l
    inject:
      host_name: br2_edge
    root_causes:
    - resource:
        kind: node
        node: br2_edge
      fault_type: bgp_acl_block
  - topo_size: l
    inject:
      host_name: br3_edge
    root_causes:
    - resource:
        kind: node
        node: br3_edge
      fault_type: bgp_acl_block
  - topo_size: l
    inject:
      host_name: br4_edge
    root_causes:
    - resource:
        kind: node
        node: br4_edge
      fault_type: bgp_acl_block
  - topo_size: l
    inject:
      host_name: br5_edge
    root_causes:
    - resource:
        kind: node
        node: br5_edge
      fault_type: bgp_acl_block
  - topo_size: l
    inject:
      host_name: br6_edge
    root_causes:
    - resource:
        kind: node
        node: br6_edge
      fault_type: bgp_acl_block
  - topo_size: l
    inject:
      host_name: br7_edge
    root_causes:
    - resource:
        kind: node
        node: br7_edge
      fault_type: bgp_acl_block
  - topo_size: l
    inject:
      host_name: br8_edge
    root_causes:
    - resource:
        kind: node
        node: br8_edge
      fault_type: bgp_acl_block
  - topo_size: l
    inject:
      host_name: dc2_edge
    root_causes:
    - resource:
        kind: node
        node: dc2_edge
      fault_type: bgp_acl_block
  - topo_size: l
    inject:
      host_name: hq_edge
    root_causes:
    - resource:
        kind: node
        node: hq_edge
      fault_type: bgp_acl_block
  - topo_size: l
    inject:
      host_name: isp1_core
    root_causes:
    - resource:
        kind: node
        node: isp1_core
      fault_type: bgp_acl_block
  - topo_size: l
    inject:
      host_name: isp2_core
    root_causes:
    - resource:
        kind: node
        node: isp2_core
      fault_type: bgp_acl_block
