scenario:
  name: isp_atlanta
failure:
  fault_type: icmp_acl_block
  cases:
  - topo_size: s
    igp: isis
    bgp_mode: none
    rpki: false
    backend: kathara
    device_profile: frr
    inject:
      host_name: pc_n1
    root_causes:
    - resource:
        kind: node
        node: pc_n1
      fault_type: icmp_acl_block
  - topo_size: s
    igp: isis
    bgp_mode: none
    rpki: false
    backend: kathara
    device_profile: frr
    inject:
      host_name: pc_n10
    root_causes:
    - resource:
        kind: node
        node: pc_n10
      fault_type: icmp_acl_block
  - topo_size: s
    igp: isis
    bgp_mode: none
    rpki: false
    backend: kathara
    device_profile: frr
    inject:
      host_name: pc_n11
    root_causes:
    - resource:
        kind: node
        node: pc_n11
      fault_type: icmp_acl_block
  - topo_size: s
    igp: isis
    bgp_mode: none
    rpki: false
    backend: kathara
    device_profile: frr
    inject:
      host_name: pc_n12
    root_causes:
    - resource:
        kind: node
        node: pc_n12
      fault_type: icmp_acl_block
  - topo_size: s
    igp: isis
    bgp_mode: none
    rpki: false
    backend: kathara
    device_profile: frr
    inject:
      host_name: pc_n13
    root_causes:
    - resource:
        kind: node
        node: pc_n13
      fault_type: icmp_acl_block
  - topo_size: s
    igp: isis
    bgp_mode: none
    rpki: false
    backend: kathara
    device_profile: frr
    inject:
      host_name: pc_n14
    root_causes:
    - resource:
        kind: node
        node: pc_n14
      fault_type: icmp_acl_block
  - topo_size: s
    igp: isis
    bgp_mode: none
    rpki: false
    backend: kathara
    device_profile: frr
    inject:
      host_name: pc_n15
    root_causes:
    - resource:
        kind: node
        node: pc_n15
      fault_type: icmp_acl_block
  - topo_size: s
    igp: isis
    bgp_mode: none
    rpki: false
    backend: kathara
    device_profile: frr
    inject:
      host_name: pc_n2
    root_causes:
    - resource:
        kind: node
        node: pc_n2
      fault_type: icmp_acl_block
  - topo_size: s
    igp: isis
    bgp_mode: none
    rpki: false
    backend: kathara
    device_profile: frr
    inject:
      host_name: pc_n3
    root_causes:
    - resource:
        kind: node
        node: pc_n3
      fault_type: icmp_acl_block
  - topo_size: s
    igp: isis
    bgp_mode: none
    rpki: false
    backend: kathara
    device_profile: frr
    inject:
      host_name: pc_n4
    root_causes:
    - resource:
        kind: node
        node: pc_n4
      fault_type: icmp_acl_block
  - topo_size: s
    igp: isis
    bgp_mode: none
    rpki: false
    backend: kathara
    device_profile: frr
    inject:
      host_name: pc_n5
    root_causes:
    - resource:
        kind: node
        node: pc_n5
      fault_type: icmp_acl_block
  - topo_size: s
    igp: isis
    bgp_mode: none
    rpki: false
    backend: kathara
    device_profile: frr
    inject:
      host_name: pc_n6
    root_causes:
    - resource:
        kind: node
        node: pc_n6
      fault_type: icmp_acl_block
  - topo_size: s
    igp: isis
    bgp_mode: none
    rpki: false
    backend: kathara
    device_profile: frr
    inject:
      host_name: pc_n7
    root_causes:
    - resource:
        kind: node
        node: pc_n7
      fault_type: icmp_acl_block
  - topo_size: s
    igp: isis
    bgp_mode: none
    rpki: false
    backend: kathara
    device_profile: frr
    inject:
      host_name: pc_n8
    root_causes:
    - resource:
        kind: node
        node: pc_n8
      fault_type: icmp_acl_block
  - topo_size: s
    igp: isis
    bgp_mode: none
    rpki: false
    backend: kathara
    device_profile: frr
    inject:
      host_name: pc_n9
    root_causes:
    - resource:
        kind: node
        node: pc_n9
      fault_type: icmp_acl_block
