scenario:
  name: isp_di-yuan
failure:
  fault_type: ospf_acl_block
  cases:
  - topo_size: s
    igp: ospf
    bgp_mode: none
    rpki: false
    backend: kathara
    device_profile: frr
    inject:
      host_name: n_1
    root_causes:
    - resource:
        kind: node
        node: n_1
      fault_type: ospf_acl_block
  - topo_size: s
    igp: ospf
    bgp_mode: none
    rpki: false
    backend: kathara
    device_profile: frr
    inject:
      host_name: n_10
    root_causes:
    - resource:
        kind: node
        node: n_10
      fault_type: ospf_acl_block
  - topo_size: s
    igp: ospf
    bgp_mode: none
    rpki: false
    backend: kathara
    device_profile: frr
    inject:
      host_name: n_11
    root_causes:
    - resource:
        kind: node
        node: n_11
      fault_type: ospf_acl_block
  - topo_size: s
    igp: ospf
    bgp_mode: none
    rpki: false
    backend: kathara
    device_profile: frr
    inject:
      host_name: n_2
    root_causes:
    - resource:
        kind: node
        node: n_2
      fault_type: ospf_acl_block
  - topo_size: s
    igp: ospf
    bgp_mode: none
    rpki: false
    backend: kathara
    device_profile: frr
    inject:
      host_name: n_3
    root_causes:
    - resource:
        kind: node
        node: n_3
      fault_type: ospf_acl_block
  - topo_size: s
    igp: ospf
    bgp_mode: none
    rpki: false
    backend: kathara
    device_profile: frr
    inject:
      host_name: n_4
    root_causes:
    - resource:
        kind: node
        node: n_4
      fault_type: ospf_acl_block
  - topo_size: s
    igp: ospf
    bgp_mode: none
    rpki: false
    backend: kathara
    device_profile: frr
    inject:
      host_name: n_5
    root_causes:
    - resource:
        kind: node
        node: n_5
      fault_type: ospf_acl_block
  - topo_size: s
    igp: ospf
    bgp_mode: none
    rpki: false
    backend: kathara
    device_profile: frr
    inject:
      host_name: n_6
    root_causes:
    - resource:
        kind: node
        node: n_6
      fault_type: ospf_acl_block
  - topo_size: s
    igp: ospf
    bgp_mode: none
    rpki: false
    backend: kathara
    device_profile: frr
    inject:
      host_name: n_7
    root_causes:
    - resource:
        kind: node
        node: n_7
      fault_type: ospf_acl_block
  - topo_size: s
    igp: ospf
    bgp_mode: none
    rpki: false
    backend: kathara
    device_profile: frr
    inject:
      host_name: n_8
    root_causes:
    - resource:
        kind: node
        node: n_8
      fault_type: ospf_acl_block
  - topo_size: s
    igp: ospf
    bgp_mode: none
    rpki: false
    backend: kathara
    device_profile: frr
    inject:
      host_name: n_9
    root_causes:
    - resource:
        kind: node
        node: n_9
      fault_type: ospf_acl_block
